
Microsoft Visual Studio Solution File, Format Version 12.00
# Visual Studio Version 17
VisualStudioVersion = 17.0.32112.339
MinimumVisualStudioVersion = 10.0.40219.1
Project("{FAE04EC0-301F-11D3-BF4B-00C04F79EFBC}") = "Metoder 7-11", "Metoder 7-9\Metoder 7-11.csproj", "{E2C30A1D-0A31-4056-BC6E-39320C57BD0F}"
EndProject
Global
	GlobalSection(SolutionConfigurationPlatforms) = preSolution
		Debug|Any CPU = Debug|Any CPU
		Release|Any CPU = Release|Any CPU
	EndGlobalSection
	GlobalSection(ProjectConfigurationPlatforms) = postSolution
		{E2C30A1D-0A31-4056-BC6E-39320C57BD0F}.Debug|Any CPU.ActiveCfg = Debug|Any CPU
		{E2C30A1D-0A31-4056-BC6E-39320C57BD0F}.Debug|Any CPU.Build.0 = Debug|Any CPU
		{E2C30A1D-0A31-4056-BC6E-39320C57BD0F}.Release|Any CPU.ActiveCfg = Release|Any CPU
		{E2C30A1D-0A31-4056-BC6E-39320C57BD0F}.Release|Any CPU.Build.0 = Release|Any CPU
	EndGlobalSection
	GlobalSection(SolutionProperties) = preSolution
		HideSolutionNode = FALSE
	EndGlobalSection
	GlobalSection(ExtensibilityGlobals) = postSolution
		SolutionGuid = {6D1D63C7-10E5-4C1C-96D9-6AB366F46150}
	EndGlobalSection
EndGlobal
